<?xml version="1.0" encoding="utf-8"?>
<Project ToolsVersion="4.0" xmlns="http://schemas.microsoft.com/developer/msbuild/2003">
  <ItemGroup>
    <Filter Include="Source Files">
      <UniqueIdentifier>{4FC737F1-C7A5-4376-A066-2A32D752A2FF}</UniqueIdentifier>
      <Extensions>cpp;c;cc;cxx;def;odl;idl;hpj;bat;asm;asmx</Extensions>
    </Filter>
    <Filter Include="Header Files">
      <UniqueIdentifier>{93995380-89BD-4b04-88EB-625FBE52EBFB}</UniqueIdentifier>
      <Extensions>h;hpp;hxx;hm;inl;inc;xsd</Extensions>
    </Filter>
    <Filter Include="Resource Files">
      <UniqueIdentifier>{67DA6AB6-F800-4c08-8B7A-83BB121AAD01}</UniqueIdentifier>
      <Extensions>rc;ico;cur;bmp;dlg;rc2;rct;bin;rgs;gif;jpg;jpeg;jpe;resx;tiff;tif;png;wav;mfcribbon-ms</Extensions>
    </Filter>
    <Filter Include="Interfaces">
      <UniqueIdentifier>{a284adc4-b397-47d1-9ab4-96b18f245486}</UniqueIdentifier>
    </Filter>
    <Filter Include="Exports">
      <UniqueIdentifier>{2cf997fe-4a07-4686-9e65-4ce13adaece9}</UniqueIdentifier>
    </Filter>
  </ItemGroup>
  <ItemGroup>
    <ClInclude Include="stdafx.h">
      <Filter>Header Files</Filter>
    </ClInclude>
    <ClInclude Include="targetver.h">
      <Filter>Header Files</Filter>
    </ClInclude>
    <ClInclude Include="BoostExport.h">
      <Filter>Header Files</Filter>
    </ClInclude>
    <ClInclude Include="DataFeed.h">
      <Filter>Header Files</Filter>
    </ClInclude>
    <ClInclude Include="DataFeed_OHLCV.h">
      <Filter>Header Files</Filter>
    </ClInclude>
    <ClInclude Include="Resolution.h">
      <Filter>Header Files</Filter>
    </ClInclude>
    <ClInclude Include="OHLCVReader.h">
      <Filter>Header Files</Filter>
    </ClInclude>
    <ClInclude Include="OHLCVReader_Py.h">
      <Filter>Header Files</Filter>
    </ClInclude>
    <ClInclude Include="Indicator.h">
      <Filter>Header Files</Filter>
    </ClInclude>
    <ClInclude Include="Indicator_SMA.h">
      <Filter>Header Files</Filter>
    </ClInclude>
    <ClInclude Include="IDataFeed.h">
      <Filter>Interfaces</Filter>
    </ClInclude>
    <ClInclude Include="DataSlice.h">
      <Filter>Exports</Filter>
    </ClInclude>
    <ClInclude Include="OHLC.h">
      <Filter>Exports</Filter>
    </ClInclude>
    <ClInclude Include="OHLCV.h">
      <Filter>Exports</Filter>
    </ClInclude>
    <ClInclude Include="Symbol.h">
      <Filter>Exports</Filter>
    </ClInclude>
    <ClInclude Include="DataInitializer.h">
      <Filter>Exports</Filter>
    </ClInclude>
  </ItemGroup>
  <ItemGroup>
    <ClCompile Include="stdafx.cpp">
      <Filter>Source Files</Filter>
    </ClCompile>
    <ClCompile Include="dllmain.cpp">
      <Filter>Source Files</Filter>
    </ClCompile>
    <ClCompile Include="OHLC.cpp">
      <Filter>Source Files</Filter>
    </ClCompile>
    <ClCompile Include="OHLCV.cpp">
      <Filter>Source Files</Filter>
    </ClCompile>
    <ClCompile Include="DataFeed.cpp">
      <Filter>Source Files</Filter>
    </ClCompile>
    <ClCompile Include="DataFeed_OHLCV.cpp">
      <Filter>Source Files</Filter>
    </ClCompile>
    <ClCompile Include="DataSlice.cpp">
      <Filter>Source Files</Filter>
    </ClCompile>
    <ClCompile Include="OHLCVReader.cpp">
      <Filter>Source Files</Filter>
    </ClCompile>
    <ClCompile Include="OHLCVReader_Py.cpp">
      <Filter>Source Files</Filter>
    </ClCompile>
    <ClCompile Include="Symbol.cpp">
      <Filter>Source Files</Filter>
    </ClCompile>
    <ClCompile Include="DataInitializer.cpp">
      <Filter>Source Files</Filter>
    </ClCompile>
    <ClCompile Include="Indicator.cpp">
      <Filter>Source Files</Filter>
    </ClCompile>
    <ClCompile Include="Indicator_SMA.cpp">
      <Filter>Source Files</Filter>
    </ClCompile>
  </ItemGroup>
</Project>